
Microsoft Visual Studio Solution File, Format Version 12.00
# Visual Studio 15
VisualStudioVersion = 15.0.28307.757
MinimumVisualStudioVersion = 10.0.40219.1
Project("{888888A0-9F3D-457C-B088-3A5042F75D52}") = "cshogi_gym", "cshogi_gym.pyproj", "{551DE0FD-D6E1-4FA9-8FFC-4121C8AD54AD}"
EndProject
Global
	GlobalSection(SolutionConfigurationPlatforms) = preSolution
		Debug|Any CPU = Debug|Any CPU
		Release|Any CPU = Release|Any CPU
	EndGlobalSection
	GlobalSection(ProjectConfigurationPlatforms) = postSolution
		{551DE0FD-D6E1-4FA9-8FFC-4121C8AD54AD}.Debug|Any CPU.ActiveCfg = Debug|Any CPU
		{551DE0FD-D6E1-4FA9-8FFC-4121C8AD54AD}.Release|Any CPU.ActiveCfg = Release|Any CPU
	EndGlobalSection
	GlobalSection(SolutionProperties) = preSolution
		HideSolutionNode = FALSE
	EndGlobalSection
	GlobalSection(ExtensibilityGlobals) = postSolution
		SolutionGuid = {2F04519A-2BDE-4E85-B966-4826C4668E87}
	EndGlobalSection
EndGlobal
